
Microsoft Visual Studio Solution File, Format Version 12.00
# Visual Studio Version 16
VisualStudioVersion = 16.0.30804.86
MinimumVisualStudioVersion = 10.0.40219.1
Project("{FAE04EC0-301F-11D3-BF4B-00C04F79EFBC}") = "Benchmark.Dotnet", "Benchmark.Dotnet.csproj", "{6CD2AF1B-1E3C-41EC-A42F-ACB9A8AA4DE0}"
EndProject
Global
	GlobalSection(SolutionConfigurationPlatforms) = preSolution
		Debug|Any CPU = Debug|Any CPU
		Release|Any CPU = Release|Any CPU
	EndGlobalSection
	GlobalSection(ProjectConfigurationPlatforms) = postSolution
		{6CD2AF1B-1E3C-41EC-A42F-ACB9A8AA4DE0}.Debug|Any CPU.ActiveCfg = Debug|Any CPU
		{6CD2AF1B-1E3C-41EC-A42F-ACB9A8AA4DE0}.Debug|Any CPU.Build.0 = Debug|Any CPU
		{6CD2AF1B-1E3C-41EC-A42F-ACB9A8AA4DE0}.Release|Any CPU.ActiveCfg = Release|Any CPU
		{6CD2AF1B-1E3C-41EC-A42F-ACB9A8AA4DE0}.Release|Any CPU.Build.0 = Release|Any CPU
	EndGlobalSection
	GlobalSection(SolutionProperties) = preSolution
		HideSolutionNode = FALSE
	EndGlobalSection
	GlobalSection(ExtensibilityGlobals) = postSolution
		SolutionGuid = {0E83A59E-2CCB-423C-A367-C65C87FBBDA7}
	EndGlobalSection
EndGlobal
